// !$*UTF8*$!
{
	archiveVersion = 1;
	classes = {
	};
	objectVersion = 46;
	objects = {

/* Begin PBXBuildFile section */
		50EF2F321EDEC28C00178501 /* ImageScrollView.swift in Sources */ = {isa = PBXBuildFile; fileRef = 50EF2F311EDEC28C00178501 /* ImageScrollView.swift */; };
		7501AB3F1ED41BA7006E32DC /* GoogleService-Info.plist in Resources */ = {isa = PBXBuildFile; fileRef = 7501AB3E1ED41BA7006E32DC /* GoogleService-Info.plist */; };
		7501AB411ED42974006E32DC /*  HomeViewController.swift in Sources */ = {isa = PBXBuildFile; fileRef = 7501AB401ED42974006E32DC /*  HomeViewController.swift */; };
		7501AB441ED43680006E32DC /* JobView.xib in Resources */ = {isa = PBXBuildFile; fileRef = 7501AB431ED43680006E32DC /* JobView.xib */; };
		7501AB461ED43A4C006E32DC /* JobView.swift in Sources */ = {isa = PBXBuildFile; fileRef = 7501AB451ED43A4C006E32DC /* JobView.swift */; };
		75D032461ECEC34900FDB4DD /* AppDelegate.swift in Sources */ = {isa = PBXBuildFile; fileRef = 75D032451ECEC34900FDB4DD /* AppDelegate.swift */; };
		75D0324D1ECEC34900FDB4DD /* Assets.xcassets in Resources */ = {isa = PBXBuildFile; fileRef = 75D0324C1ECEC34900FDB4DD /* Assets.xcassets */; };
		75D0325E1ECEC90300FDB4DD /* LaunchScreen.storyboard in Resources */ = {isa = PBXBuildFile; fileRef = 75D0325C1ECEC90300FDB4DD /* LaunchScreen.storyboard */; };
		75D0325F1ECEC90300FDB4DD /* Main.storyboard in Resources */ = {isa = PBXBuildFile; fileRef = 75D0325D1ECEC90300FDB4DD /* Main.storyboard */; };
		75D032631ECECD6C00FDB4DD /* BaseViewController.swift in Sources */ = {isa = PBXBuildFile; fileRef = 75D032621ECECD6C00FDB4DD /* BaseViewController.swift */; };
		75D032691ECECDD100FDB4DD /* Job.swift in Sources */ = {isa = PBXBuildFile; fileRef = 75D032681ECECDD100FDB4DD /* Job.swift */; };
		75D0326F1ECECF6C00FDB4DD /* Registrar.swift in Sources */ = {isa = PBXBuildFile; fileRef = 75D0326E1ECECF6C00FDB4DD /* Registrar.swift */; };
		75D032711ECED0A100FDB4DD /* HTTPUtility.swift in Sources */ = {isa = PBXBuildFile; fileRef = 75D032701ECED0A100FDB4DD /* HTTPUtility.swift */; };
		75D032731ECED0BA00FDB4DD /* Middleware.swift in Sources */ = {isa = PBXBuildFile; fileRef = 75D032721ECED0BA00FDB4DD /* Middleware.swift */; };
		75D032751ECEF94600FDB4DD /* User.swift in Sources */ = {isa = PBXBuildFile; fileRef = 75D032741ECEF94600FDB4DD /* User.swift */; };
		75D4E3201ED016B3008E8DBD /* ILBanner.swift in Sources */ = {isa = PBXBuildFile; fileRef = 75D4E31F1ED016B3008E8DBD /* ILBanner.swift */; };
		75D4E3221ED016C8008E8DBD /* ILIndicator.swift in Sources */ = {isa = PBXBuildFile; fileRef = 75D4E3211ED016C8008E8DBD /* ILIndicator.swift */; };
		75D4E3241ED01826008E8DBD /* Constants.swift in Sources */ = {isa = PBXBuildFile; fileRef = 75D4E3231ED01826008E8DBD /* Constants.swift */; };
		75D4E3281ED01C07008E8DBD /* Extensions.swift in Sources */ = {isa = PBXBuildFile; fileRef = 75D4E3271ED01C07008E8DBD /* Extensions.swift */; };
		75D4E32E1ED03ECD008E8DBD /* GetJobs.swift in Sources */ = {isa = PBXBuildFile; fileRef = 75D4E32D1ED03ECD008E8DBD /* GetJobs.swift */; };
		75D4E3301ED03EDE008E8DBD /* UpdateJob.swift in Sources */ = {isa = PBXBuildFile; fileRef = 75D4E32F1ED03EDE008E8DBD /* UpdateJob.swift */; };
		75F34AE51ED56B1800D5A8AD /* DatePickerView.xib in Resources */ = {isa = PBXBuildFile; fileRef = 75F34AE41ED56B1800D5A8AD /* DatePickerView.xib */; };
		75F34AE71ED56B2B00D5A8AD /* DatePickerView.swift in Sources */ = {isa = PBXBuildFile; fileRef = 75F34AE61ED56B2B00D5A8AD /* DatePickerView.swift */; };
		75F34AE91ED5926F00D5A8AD /* LoginRegisterViewController.swift in Sources */ = {isa = PBXBuildFile; fileRef = 75F34AE81ED5926F00D5A8AD /* LoginRegisterViewController.swift */; };
		75F34AEB1ED5934800D5A8AD /* Validator.swift in Sources */ = {isa = PBXBuildFile; fileRef = 75F34AEA1ED5934700D5A8AD /* Validator.swift */; };
		E04105A911136090FAFB6B2A /* Pods_Smartally_Support.framework in Frameworks */ = {isa = PBXBuildFile; fileRef = C8E3F793B0E82C7ED3EE35A4 /* Pods_Smartally_Support.framework */; };
/* End PBXBuildFile section */

/* Begin PBXFileReference section */
		50EF2F311EDEC28C00178501 /* ImageScrollView.swift */ = {isa = PBXFileReference; fileEncoding = 4; lastKnownFileType = sourcecode.swift; name = ImageScrollView.swift; path = "Custom Views/ImageScrollView.swift"; sourceTree = "<group>"; };
		7501AB3E1ED41BA7006E32DC /* GoogleService-Info.plist */ = {isa = PBXFileReference; fileEncoding = 4; lastKnownFileType = text.plist.xml; path = "GoogleService-Info.plist"; sourceTree = "<group>"; };
		7501AB401ED42974006E32DC /*  HomeViewController.swift */ = {isa = PBXFileReference; fileEncoding = 4; lastKnownFileType = sourcecode.swift; name = " HomeViewController.swift"; path = "Controllers/ HomeViewController.swift"; sourceTree = "<group>"; };
		7501AB431ED43680006E32DC /* JobView.xib */ = {isa = PBXFileReference; fileEncoding = 4; lastKnownFileType = file.xib; name = JobView.xib; path = Views/XIBs/JobView.xib; sourceTree = "<group>"; };
		7501AB451ED43A4C006E32DC /* JobView.swift */ = {isa = PBXFileReference; fileEncoding = 4; lastKnownFileType = sourcecode.swift; name = JobView.swift; path = "Custom Views/JobView.swift"; sourceTree = "<group>"; };
		7590E7921EDC12B900EC9AF2 /* Smartally Support.entitlements */ = {isa = PBXFileReference; lastKnownFileType = text.plist.entitlements; path = "Smartally Support.entitlements"; sourceTree = "<group>"; };
		75D032421ECEC34900FDB4DD /* Smartally Support.app */ = {isa = PBXFileReference; explicitFileType = wrapper.application; includeInIndex = 0; path = "Smartally Support.app"; sourceTree = BUILT_PRODUCTS_DIR; };
		75D032451ECEC34900FDB4DD /* AppDelegate.swift */ = {isa = PBXFileReference; lastKnownFileType = sourcecode.swift; path = AppDelegate.swift; sourceTree = "<group>"; };
		75D0324C1ECEC34900FDB4DD /* Assets.xcassets */ = {isa = PBXFileReference; lastKnownFileType = folder.assetcatalog; path = Assets.xcassets; sourceTree = "<group>"; };
		75D032511ECEC34900FDB4DD /* Info.plist */ = {isa = PBXFileReference; lastKnownFileType = text.plist.xml; path = Info.plist; sourceTree = "<group>"; };
		75D0325C1ECEC90300FDB4DD /* LaunchScreen.storyboard */ = {isa = PBXFileReference; fileEncoding = 4; lastKnownFileType = file.storyboard; name = LaunchScreen.storyboard; path = Views/Views/Storyboards/LaunchScreen.storyboard; sourceTree = "<group>"; };
		75D0325D1ECEC90300FDB4DD /* Main.storyboard */ = {isa = PBXFileReference; fileEncoding = 4; lastKnownFileType = file.storyboard; name = Main.storyboard; path = Views/Views/Storyboards/Main.storyboard; sourceTree = "<group>"; };
		75D032621ECECD6C00FDB4DD /* BaseViewController.swift */ = {isa = PBXFileReference; fileEncoding = 4; lastKnownFileType = sourcecode.swift; name = BaseViewController.swift; path = Controllers/BaseViewController.swift; sourceTree = "<group>"; };
		75D032681ECECDD100FDB4DD /* Job.swift */ = {isa = PBXFileReference; fileEncoding = 4; lastKnownFileType = sourcecode.swift; name = Job.swift; path = Models/Job.swift; sourceTree = "<group>"; };
		75D0326E1ECECF6C00FDB4DD /* Registrar.swift */ = {isa = PBXFileReference; fileEncoding = 4; lastKnownFileType = sourcecode.swift; name = Registrar.swift; path = "Custom Classes/Registrar.swift"; sourceTree = "<group>"; };
		75D032701ECED0A100FDB4DD /* HTTPUtility.swift */ = {isa = PBXFileReference; fileEncoding = 4; lastKnownFileType = sourcecode.swift; name = HTTPUtility.swift; path = Utilities/HTTPUtility.swift; sourceTree = "<group>"; };
		75D032721ECED0BA00FDB4DD /* Middleware.swift */ = {isa = PBXFileReference; fileEncoding = 4; lastKnownFileType = sourcecode.swift; name = Middleware.swift; path = Utilities/Middleware.swift; sourceTree = "<group>"; };
		75D032741ECEF94600FDB4DD /* User.swift */ = {isa = PBXFileReference; fileEncoding = 4; lastKnownFileType = sourcecode.swift; name = User.swift; path = Models/User.swift; sourceTree = "<group>"; };
		75D4E31F1ED016B3008E8DBD /* ILBanner.swift */ = {isa = PBXFileReference; fileEncoding = 4; lastKnownFileType = sourcecode.swift; name = ILBanner.swift; path = "Custom Views/ILBanner.swift"; sourceTree = "<group>"; };
		75D4E3211ED016C8008E8DBD /* ILIndicator.swift */ = {isa = PBXFileReference; fileEncoding = 4; lastKnownFileType = sourcecode.swift; name = ILIndicator.swift; path = "Custom Views/ILIndicator.swift"; sourceTree = "<group>"; };
		75D4E3231ED01826008E8DBD /* Constants.swift */ = {isa = PBXFileReference; fileEncoding = 4; lastKnownFileType = sourcecode.swift; name = Constants.swift; path = Utilities/Constants.swift; sourceTree = "<group>"; };
		75D4E3271ED01C07008E8DBD /* Extensions.swift */ = {isa = PBXFileReference; fileEncoding = 4; lastKnownFileType = sourcecode.swift; name = Extensions.swift; path = Utilities/Extensions.swift; sourceTree = "<group>"; };
		75D4E32D1ED03ECD008E8DBD /* GetJobs.swift */ = {isa = PBXFileReference; fileEncoding = 4; lastKnownFileType = sourcecode.swift; name = GetJobs.swift; path = "Custom Classes/GetJobs.swift"; sourceTree = "<group>"; };
		75D4E32F1ED03EDE008E8DBD /* UpdateJob.swift */ = {isa = PBXFileReference; fileEncoding = 4; lastKnownFileType = sourcecode.swift; name = UpdateJob.swift; path = "Custom Classes/UpdateJob.swift"; sourceTree = "<group>"; };
		75F34AE41ED56B1800D5A8AD /* DatePickerView.xib */ = {isa = PBXFileReference; fileEncoding = 4; lastKnownFileType = file.xib; name = DatePickerView.xib; path = Views/XIBs/DatePickerView.xib; sourceTree = "<group>"; };
		75F34AE61ED56B2B00D5A8AD /* DatePickerView.swift */ = {isa = PBXFileReference; fileEncoding = 4; lastKnownFileType = sourcecode.swift; name = DatePickerView.swift; path = "Custom Views/DatePickerView.swift"; sourceTree = "<group>"; };
		75F34AE81ED5926F00D5A8AD /* LoginRegisterViewController.swift */ = {isa = PBXFileReference; fileEncoding = 4; lastKnownFileType = sourcecode.swift; name = LoginRegisterViewController.swift; path = Controllers/LoginRegisterViewController.swift; sourceTree = "<group>"; };
		75F34AEA1ED5934700D5A8AD /* Validator.swift */ = {isa = PBXFileReference; fileEncoding = 4; lastKnownFileType = sourcecode.swift; name = Validator.swift; path = "Custom Classes/Validator.swift"; sourceTree = "<group>"; };
		C8E3F793B0E82C7ED3EE35A4 /* Pods_Smartally_Support.framework */ = {isa = PBXFileReference; explicitFileType = wrapper.framework; includeInIndex = 0; path = Pods_Smartally_Support.framework; sourceTree = BUILT_PRODUCTS_DIR; };
		D4F4D9C4EEFE62988E132D14 /* Pods-Smartally Support.debug.xcconfig */ = {isa = PBXFileReference; includeInIndex = 1; lastKnownFileType = text.xcconfig; name = "Pods-Smartally Support.debug.xcconfig"; path = "Pods/Target Support Files/Pods-Smartally Support/Pods-Smartally Support.debug.xcconfig"; sourceTree = "<group>"; };
		EA04F1833241F29E8C9A52DE /* Pods-Smartally Support.release.xcconfig */ = {isa = PBXFileReference; includeInIndex = 1; lastKnownFileType = text.xcconfig; name = "Pods-Smartally Support.release.xcconfig"; path = "Pods/Target Support Files/Pods-Smartally Support/Pods-Smartally Support.release.xcconfig"; sourceTree = "<group>"; };
/* End PBXFileReference section */

/* Begin PBXFrameworksBuildPhase section */
		75D0323F1ECEC34900FDB4DD /* Frameworks */ = {
			isa = PBXFrameworksBuildPhase;
			buildActionMask = 2147483647;
			files = (
				E04105A911136090FAFB6B2A /* Pods_Smartally_Support.framework in Frameworks */,
			);
			runOnlyForDeploymentPostprocessing = 0;
		};
/* End PBXFrameworksBuildPhase section */

/* Begin PBXGroup section */
		250F8686D3450CAF9DCF1C48 /* Pods */ = {
			isa = PBXGroup;
			children = (
				D4F4D9C4EEFE62988E132D14 /* Pods-Smartally Support.debug.xcconfig */,
				EA04F1833241F29E8C9A52DE /* Pods-Smartally Support.release.xcconfig */,
			);
			name = Pods;
			sourceTree = "<group>";
		};
		3E76055D11C4175401221DB9 /* Frameworks */ = {
			isa = PBXGroup;
			children = (
				C8E3F793B0E82C7ED3EE35A4 /* Pods_Smartally_Support.framework */,
			);
			name = Frameworks;
			sourceTree = "<group>";
		};
		7501AB421ED43651006E32DC /* XIBs */ = {
			isa = PBXGroup;
			children = (
				75F34AE41ED56B1800D5A8AD /* DatePickerView.xib */,
				7501AB431ED43680006E32DC /* JobView.xib */,
			);
			name = XIBs;
			sourceTree = "<group>";
		};
		75D032391ECEC34900FDB4DD = {
			isa = PBXGroup;
			children = (
				75D032441ECEC34900FDB4DD /* Smartally Support */,
				75D032431ECEC34900FDB4DD /* Products */,
				250F8686D3450CAF9DCF1C48 /* Pods */,
				3E76055D11C4175401221DB9 /* Frameworks */,
			);
			sourceTree = "<group>";
		};
		75D032431ECEC34900FDB4DD /* Products */ = {
			isa = PBXGroup;
			children = (
				75D032421ECEC34900FDB4DD /* Smartally Support.app */,
			);
			name = Products;
			sourceTree = "<group>";
		};
		75D032441ECEC34900FDB4DD /* Smartally Support */ = {
			isa = PBXGroup;
			children = (
				75D032451ECEC34900FDB4DD /* AppDelegate.swift */,
				75D032591ECEC86000FDB4DD /* Controllers */,
				75D0326B1ECECF0800FDB4DD /* Custom Classes */,
				75D032761ECF0E1400FDB4DD /* Custom Views */,
				75D032581ECEC85900FDB4DD /* Models */,
				75D0326A1ECECEE400FDB4DD /* Utilities */,
				75D032571ECEC85300FDB4DD /* Views */,
				75D0325B1ECEC88100FDB4DD /* Supporting Files */,
			);
			path = "Smartally Support";
			sourceTree = "<group>";
		};
		75D032571ECEC85300FDB4DD /* Views */ = {
			isa = PBXGroup;
			children = (
				7501AB421ED43651006E32DC /* XIBs */,
				75D0325A1ECEC86D00FDB4DD /* Storyboards */,
			);
			name = Views;
			sourceTree = "<group>";
		};
		75D032581ECEC85900FDB4DD /* Models */ = {
			isa = PBXGroup;
			children = (
				75D032681ECECDD100FDB4DD /* Job.swift */,
				75D032741ECEF94600FDB4DD /* User.swift */,
			);
			name = Models;
			sourceTree = "<group>";
		};
		75D032591ECEC86000FDB4DD /* Controllers */ = {
			isa = PBXGroup;
			children = (
				75D032621ECECD6C00FDB4DD /* BaseViewController.swift */,
				75F34AE81ED5926F00D5A8AD /* LoginRegisterViewController.swift */,
				7501AB401ED42974006E32DC /*  HomeViewController.swift */,
			);
			name = Controllers;
			sourceTree = "<group>";
		};
		75D0325A1ECEC86D00FDB4DD /* Storyboards */ = {
			isa = PBXGroup;
			children = (
				75D0325C1ECEC90300FDB4DD /* LaunchScreen.storyboard */,
				75D0325D1ECEC90300FDB4DD /* Main.storyboard */,
			);
			name = Storyboards;
			sourceTree = "<group>";
		};
		75D0325B1ECEC88100FDB4DD /* Supporting Files */ = {
			isa = PBXGroup;
			children = (
				7590E7921EDC12B900EC9AF2 /* Smartally Support.entitlements */,
				75D0324C1ECEC34900FDB4DD /* Assets.xcassets */,
				7501AB3E1ED41BA7006E32DC /* GoogleService-Info.plist */,
				75D032511ECEC34900FDB4DD /* Info.plist */,
			);
			name = "Supporting Files";
			sourceTree = "<group>";
		};
		75D0326A1ECECEE400FDB4DD /* Utilities */ = {
			isa = PBXGroup;
			children = (
				75D032701ECED0A100FDB4DD /* HTTPUtility.swift */,
				75D032721ECED0BA00FDB4DD /* Middleware.swift */,
				75D4E3231ED01826008E8DBD /* Constants.swift */,
				75D4E3271ED01C07008E8DBD /* Extensions.swift */,
			);
			name = Utilities;
			sourceTree = "<group>";
		};
		75D0326B1ECECF0800FDB4DD /* Custom Classes */ = {
			isa = PBXGroup;
			children = (
				75D0326E1ECECF6C00FDB4DD /* Registrar.swift */,
				75D4E32D1ED03ECD008E8DBD /* GetJobs.swift */,
				75D4E32F1ED03EDE008E8DBD /* UpdateJob.swift */,
				75F34AEA1ED5934700D5A8AD /* Validator.swift */,
			);
			name = "Custom Classes";
			sourceTree = "<group>";
		};
		75D032761ECF0E1400FDB4DD /* Custom Views */ = {
			isa = PBXGroup;
			children = (
				75D4E31F1ED016B3008E8DBD /* ILBanner.swift */,
				75D4E3211ED016C8008E8DBD /* ILIndicator.swift */,
				75F34AE61ED56B2B00D5A8AD /* DatePickerView.swift */,
				7501AB451ED43A4C006E32DC /* JobView.swift */,
				50EF2F311EDEC28C00178501 /* ImageScrollView.swift */,
			);
			name = "Custom Views";
			sourceTree = "<group>";
		};
/* End PBXGroup section */

/* Begin PBXNativeTarget section */
		75D032411ECEC34900FDB4DD /* Smartally Support */ = {
			isa = PBXNativeTarget;
			buildConfigurationList = 75D032541ECEC34900FDB4DD /* Build configuration list for PBXNativeTarget "Smartally Support" */;
			buildPhases = (
				B410FDF2735B3AA1933871FA /* [CP] Check Pods Manifest.lock */,
				75D0323E1ECEC34900FDB4DD /* Sources */,
				75D0323F1ECEC34900FDB4DD /* Frameworks */,
				75D032401ECEC34900FDB4DD /* Resources */,
				C39EC6514AA13615F7C49D69 /* [CP] Embed Pods Frameworks */,
				703D3CF1A5CB586F96CAD4CF /* [CP] Copy Pods Resources */,
			);
			buildRules = (
			);
			dependencies = (
			);
			name = "Smartally Support";
			productName = "Smartally Support";
			productReference = 75D032421ECEC34900FDB4DD /* Smartally Support.app */;
			productType = "com.apple.product-type.application";
		};
/* End PBXNativeTarget section */

/* Begin PBXProject section */
		75D0323A1ECEC34900FDB4DD /* Project object */ = {
			isa = PBXProject;
			attributes = {
				LastSwiftUpdateCheck = 0830;
				LastUpgradeCheck = 0830;
				ORGANIZATIONNAME = Bitjini;
				TargetAttributes = {
					75D032411ECEC34900FDB4DD = {
						CreatedOnToolsVersion = 8.3.2;
						DevelopmentTeam = 6TP9C3Z7N8;
						ProvisioningStyle = Automatic;
						SystemCapabilities = {
							com.apple.Push = {
								enabled = 1;
							};
						};
					};
				};
			};
			buildConfigurationList = 75D0323D1ECEC34900FDB4DD /* Build configuration list for PBXProject "Smartally Support" */;
			compatibilityVersion = "Xcode 3.2";
			developmentRegion = English;
			hasScannedForEncodings = 0;
			knownRegions = (
				en,
				Base,
			);
			mainGroup = 75D032391ECEC34900FDB4DD;
			productRefGroup = 75D032431ECEC34900FDB4DD /* Products */;
			projectDirPath = "";
			projectRoot = "";
			targets = (
				75D032411ECEC34900FDB4DD /* Smartally Support */,
			);
		};
/* End PBXProject section */

/* Begin PBXResourcesBuildPhase section */
		75D032401ECEC34900FDB4DD /* Resources */ = {
			isa = PBXResourcesBuildPhase;
			buildActionMask = 2147483647;
			files = (
				75F34AE51ED56B1800D5A8AD /* DatePickerView.xib in Resources */,
				75D0325F1ECEC90300FDB4DD /* Main.storyboard in Resources */,
				7501AB3F1ED41BA7006E32DC /* GoogleService-Info.plist in Resources */,
				75D0324D1ECEC34900FDB4DD /* Assets.xcassets in Resources */,
				75D0325E1ECEC90300FDB4DD /* LaunchScreen.storyboard in Resources */,
				7501AB441ED43680006E32DC /* JobView.xib in Resources */,
			);
			runOnlyForDeploymentPostprocessing = 0;
		};
/* End PBXResourcesBuildPhase section */

/* Begin PBXShellScriptBuildPhase section */
		703D3CF1A5CB586F96CAD4CF /* [CP] Copy Pods Resources */ = {
			isa = PBXShellScriptBuildPhase;
			buildActionMask = 2147483647;
			files = (
			);
			inputPaths = (
			);
			name = "[CP] Copy Pods Resources";
			outputPaths = (
			);
			runOnlyForDeploymentPostprocessing = 0;
			shellPath = /bin/sh;
			shellScript = "\"${SRCROOT}/Pods/Target Support Files/Pods-Smartally Support/Pods-Smartally Support-resources.sh\"\n";
			showEnvVarsInLog = 0;
		};
		B410FDF2735B3AA1933871FA /* [CP] Check Pods Manifest.lock */ = {
			isa = PBXShellScriptBuildPhase;
			buildActionMask = 2147483647;
			files = (
			);
			inputPaths = (
				"${PODS_PODFILE_DIR_PATH}/Podfile.lock",
				"${PODS_ROOT}/Manifest.lock",
			);
			name = "[CP] Check Pods Manifest.lock";
			outputPaths = (
				"$(DERIVED_FILE_DIR)/Pods-Smartally Support-checkManifestLockResult.txt",
			);
			runOnlyForDeploymentPostprocessing = 0;
			shellPath = /bin/sh;
			shellScript = "diff \"${PODS_PODFILE_DIR_PATH}/Podfile.lock\" \"${PODS_ROOT}/Manifest.lock\" > /dev/null\nif [ $? != 0 ] ; then\n    # print error to STDERR\n    echo \"error: The sandbox is not in sync with the Podfile.lock. Run 'pod install' or update your CocoaPods installation.\" >&2\n    exit 1\nfi\n# This output is used by Xcode 'outputs' to avoid re-running this script phase.\necho \"SUCCESS\" > \"${SCRIPT_OUTPUT_FILE_0}\"\n";
			showEnvVarsInLog = 0;
		};
		C39EC6514AA13615F7C49D69 /* [CP] Embed Pods Frameworks */ = {
			isa = PBXShellScriptBuildPhase;
			buildActionMask = 2147483647;
			files = (
			);
			inputPaths = (
				"${SRCROOT}/Pods/Target Support Files/Pods-Smartally Support/Pods-Smartally Support-frameworks.sh",
				"${BUILT_PRODUCTS_DIR}/Alamofire/Alamofire.framework",
				"${BUILT_PRODUCTS_DIR}/GoogleToolboxForMac/GoogleToolboxForMac.framework",
				"${BUILT_PRODUCTS_DIR}/IQKeyboardManagerSwift/IQKeyboardManagerSwift.framework",
				"${BUILT_PRODUCTS_DIR}/Kingfisher/Kingfisher.framework",
				"${BUILT_PRODUCTS_DIR}/Koloda/Koloda.framework",
				"${BUILT_PRODUCTS_DIR}/Protobuf/Protobuf.framework",
				"${BUILT_PRODUCTS_DIR}/pop/pop.framework",
			);
			name = "[CP] Embed Pods Frameworks";
			outputPaths = (
				"${TARGET_BUILD_DIR}/${FRAMEWORKS_FOLDER_PATH}/Alamofire.framework",
				"${TARGET_BUILD_DIR}/${FRAMEWORKS_FOLDER_PATH}/GoogleToolboxForMac.framework",
				"${TARGET_BUILD_DIR}/${FRAMEWORKS_FOLDER_PATH}/IQKeyboardManagerSwift.framework",
				"${TARGET_BUILD_DIR}/${FRAMEWORKS_FOLDER_PATH}/Kingfisher.framework",
				"${TARGET_BUILD_DIR}/${FRAMEWORKS_FOLDER_PATH}/Koloda.framework",
				"${TARGET_BUILD_DIR}/${FRAMEWORKS_FOLDER_PATH}/Protobuf.framework",
				"${TARGET_BUILD_DIR}/${FRAMEWORKS_FOLDER_PATH}/pop.framework",
			);
			runOnlyForDeploymentPostprocessing = 0;
			shellPath = /bin/sh;
			shellScript = "\"${SRCROOT}/Pods/Target Support Files/Pods-Smartally Support/Pods-Smartally Support-frameworks.sh\"\n";
			showEnvVarsInLog = 0;
		};
/* End PBXShellScriptBuildPhase section */

/* Begin PBXSourcesBuildPhase section */
		75D0323E1ECEC34900FDB4DD /* Sources */ = {
			isa = PBXSourcesBuildPhase;
			buildActionMask = 2147483647;
			files = (
				75D4E3201ED016B3008E8DBD /* ILBanner.swift in Sources */,
				75F34AE71ED56B2B00D5A8AD /* DatePickerView.swift in Sources */,
				75D032731ECED0BA00FDB4DD /* Middleware.swift in Sources */,
				50EF2F321EDEC28C00178501 /* ImageScrollView.swift in Sources */,
				75D032711ECED0A100FDB4DD /* HTTPUtility.swift in Sources */,
				75D032691ECECDD100FDB4DD /* Job.swift in Sources */,
				75D032461ECEC34900FDB4DD /* AppDelegate.swift in Sources */,
				75D4E3221ED016C8008E8DBD /* ILIndicator.swift in Sources */,
				75D4E3241ED01826008E8DBD /* Constants.swift in Sources */,
				75D0326F1ECECF6C00FDB4DD /* Registrar.swift in Sources */,
				75D4E3281ED01C07008E8DBD /* Extensions.swift in Sources */,
				75D4E32E1ED03ECD008E8DBD /* GetJobs.swift in Sources */,
				75D032751ECEF94600FDB4DD /* User.swift in Sources */,
				75F34AEB1ED5934800D5A8AD /* Validator.swift in Sources */,
				7501AB461ED43A4C006E32DC /* JobView.swift in Sources */,
				75F34AE91ED5926F00D5A8AD /* LoginRegisterViewController.swift in Sources */,
				7501AB411ED42974006E32DC /*  HomeViewController.swift in Sources */,
				75D4E3301ED03EDE008E8DBD /* UpdateJob.swift in Sources */,
				75D032631ECECD6C00FDB4DD /* BaseViewController.swift in Sources */,
			);
			runOnlyForDeploymentPostprocessing = 0;
		};
/* End PBXSourcesBuildPhase section */

/* Begin XCBuildConfiguration section */
		75D032521ECEC34900FDB4DD /* Debug */ = {
			isa = XCBuildConfiguration;
			buildSettings = {
				ALWAYS_SEARCH_USER_PATHS = NO;
				CLANG_ANALYZER_NONNULL = YES;
				CLANG_ANALYZER_NUMBER_OBJECT_CONVERSION = YES_AGGRESSIVE;
				CLANG_CXX_LANGUAGE_STANDARD = "gnu++0x";
				CLANG_CXX_LIBRARY = "libc++";
				CLANG_ENABLE_MODULES = YES;
				CLANG_ENABLE_OBJC_ARC = YES;
				CLANG_WARN_BOOL_CONVERSION = YES;
				CLANG_WARN_CONSTANT_CONVERSION = YES;
				CLANG_WARN_DIRECT_OBJC_ISA_USAGE = YES_ERROR;
				CLANG_WARN_DOCUMENTATION_COMMENTS = YES;
				CLANG_WARN_EMPTY_BODY = YES;
				CLANG_WARN_ENUM_CONVERSION = YES;
				CLANG_WARN_INFINITE_RECURSION = YES;
				CLANG_WARN_INT_CONVERSION = YES;
				CLANG_WARN_OBJC_ROOT_CLASS = YES_ERROR;
				CLANG_WARN_SUSPICIOUS_MOVE = YES;
				CLANG_WARN_UNREACHABLE_CODE = YES;
				CLANG_WARN__DUPLICATE_METHOD_MATCH = YES;
				"CODE_SIGN_IDENTITY[sdk=iphoneos*]" = "iPhone Developer";
				COPY_PHASE_STRIP = NO;
				DEBUG_INFORMATION_FORMAT = dwarf;
				ENABLE_STRICT_OBJC_MSGSEND = YES;
				ENABLE_TESTABILITY = YES;
				GCC_C_LANGUAGE_STANDARD = gnu99;
				GCC_DYNAMIC_NO_PIC = NO;
				GCC_NO_COMMON_BLOCKS = YES;
				GCC_OPTIMIZATION_LEVEL = 0;
				GCC_PREPROCESSOR_DEFINITIONS = (
					"DEBUG=1",
					"$(inherited)",
				);
				GCC_WARN_64_TO_32_BIT_CONVERSION = YES;
				GCC_WARN_ABOUT_RETURN_TYPE = YES_ERROR;
				GCC_WARN_UNDECLARED_SELECTOR = YES;
				GCC_WARN_UNINITIALIZED_AUTOS = YES_AGGRESSIVE;
				GCC_WARN_UNUSED_FUNCTION = YES;
				GCC_WARN_UNUSED_VARIABLE = YES;
				IPHONEOS_DEPLOYMENT_TARGET = 10.3;
				MTL_ENABLE_DEBUG_INFO = YES;
				ONLY_ACTIVE_ARCH = YES;
				SDKROOT = iphoneos;
				SWIFT_ACTIVE_COMPILATION_CONDITIONS = DEBUG;
				SWIFT_OPTIMIZATION_LEVEL = "-Onone";
			};
			name = Debug;
		};
		75D032531ECEC34900FDB4DD /* Release */ = {
			isa = XCBuildConfiguration;
			buildSettings = {
				ALWAYS_SEARCH_USER_PATHS = NO;
				CLANG_ANALYZER_NONNULL = YES;
				CLANG_ANALYZER_NUMBER_OBJECT_CONVERSION = YES_AGGRESSIVE;
				CLANG_CXX_LANGUAGE_STANDARD = "gnu++0x";
				CLANG_CXX_LIBRARY = "libc++";
				CLANG_ENABLE_MODULES = YES;
				CLANG_ENABLE_OBJC_ARC = YES;
				CLANG_WARN_BOOL_CONVERSION = YES;
				CLANG_WARN_CONSTANT_CONVERSION = YES;
				CLANG_WARN_DIRECT_OBJC_ISA_USAGE = YES_ERROR;
				CLANG_WARN_DOCUMENTATION_COMMENTS = YES;
				CLANG_WARN_EMPTY_BODY = YES;
				CLANG_WARN_ENUM_CONVERSION = YES;
				CLANG_WARN_INFINITE_RECURSION = YES;
				CLANG_WARN_INT_CONVERSION = YES;
				CLANG_WARN_OBJC_ROOT_CLASS = YES_ERROR;
				CLANG_WARN_SUSPICIOUS_MOVE = YES;
				CLANG_WARN_UNREACHABLE_CODE = YES;
				CLANG_WARN__DUPLICATE_METHOD_MATCH = YES;
				"CODE_SIGN_IDENTITY[sdk=iphoneos*]" = "iPhone Developer";
				COPY_PHASE_STRIP = NO;
				DEBUG_INFORMATION_FORMAT = "dwarf-with-dsym";
				ENABLE_NS_ASSERTIONS = NO;
				ENABLE_STRICT_OBJC_MSGSEND = YES;
				GCC_C_LANGUAGE_STANDARD = gnu99;
				GCC_NO_COMMON_BLOCKS = YES;
				GCC_WARN_64_TO_32_BIT_CONVERSION = YES;
				GCC_WARN_ABOUT_RETURN_TYPE = YES_ERROR;
				GCC_WARN_UNDECLARED_SELECTOR = YES;
				GCC_WARN_UNINITIALIZED_AUTOS = YES_AGGRESSIVE;
				GCC_WARN_UNUSED_FUNCTION = YES;
				GCC_WARN_UNUSED_VARIABLE = YES;
				IPHONEOS_DEPLOYMENT_TARGET = 10.3;
				MTL_ENABLE_DEBUG_INFO = NO;
				SDKROOT = iphoneos;
				SWIFT_OPTIMIZATION_LEVEL = "-Owholemodule";
				VALIDATE_PRODUCT = YES;
			};
			name = Release;
		};
		75D032551ECEC34900FDB4DD /* Debug */ = {
			isa = XCBuildConfiguration;
			baseConfigurationReference = D4F4D9C4EEFE62988E132D14 /* Pods-Smartally Support.debug.xcconfig */;
			buildSettings = {
				ASSETCATALOG_COMPILER_APPICON_NAME = AppIcon;
				CODE_SIGN_ENTITLEMENTS = "Smartally Support/Smartally Support.entitlements";
				DEVELOPMENT_TEAM = 6TP9C3Z7N8;
				INFOPLIST_FILE = "Smartally Support/Info.plist";
				IPHONEOS_DEPLOYMENT_TARGET = 9.0;
				LD_RUNPATH_SEARCH_PATHS = "$(inherited) @executable_path/Frameworks";
				PRODUCT_BUNDLE_IDENTIFIER = "com.bitjini.Smartally-Support";
				PRODUCT_NAME = "$(TARGET_NAME)";
				SWIFT_VERSION = 3.0;
			};
			name = Debug;
		};
		75D032561ECEC34900FDB4DD /* Release */ = {
			isa = XCBuildConfiguration;
			baseConfigurationReference = EA04F1833241F29E8C9A52DE /* Pods-Smartally Support.release.xcconfig */;
			buildSettings = {
				ASSETCATALOG_COMPILER_APPICON_NAME = AppIcon;
				CODE_SIGN_ENTITLEMENTS = "Smartally Support/Smartally Support.entitlements";
				DEVELOPMENT_TEAM = 6TP9C3Z7N8;
				INFOPLIST_FILE = "Smartally Support/Info.plist";
				IPHONEOS_DEPLOYMENT_TARGET = 9.0;
				LD_RUNPATH_SEARCH_PATHS = "$(inherited) @executable_path/Frameworks";
				PRODUCT_BUNDLE_IDENTIFIER = "com.bitjini.Smartally-Support";
				PRODUCT_NAME = "$(TARGET_NAME)";
				SWIFT_VERSION = 3.0;
			};
			name = Release;
		};
/* End XCBuildConfiguration section */

/* Begin XCConfigurationList section */
		75D0323D1ECEC34900FDB4DD /* Build configuration list for PBXProject "Smartally Support" */ = {
			isa = XCConfigurationList;
			buildConfigurations = (
				75D032521ECEC34900FDB4DD /* Debug */,
				75D032531ECEC34900FDB4DD /* Release */,
			);
			defaultConfigurationIsVisible = 0;
			defaultConfigurationName = Release;
		};
		75D032541ECEC34900FDB4DD /* Build configuration list for PBXNativeTarget "Smartally Support" */ = {
			isa = XCConfigurationList;
			buildConfigurations = (
				75D032551ECEC34900FDB4DD /* Debug */,
				75D032561ECEC34900FDB4DD /* Release */,
			);
			defaultConfigurationIsVisible = 0;
			defaultConfigurationName = Release;
		};
/* End XCConfigurationList section */
	};
	rootObject = 75D0323A1ECEC34900FDB4DD /* Project object */;
}
